// !$*UTF8*$!
{
	archiveVersion = 1;
	classes = {
	};
	objectVersion = 46;
	objects = {

/* Begin PBXBuildFile section */
		745A6B4F952DDAA06D163BC2 /* libPods-QiniuCloudStorge.a in Frameworks */ = {isa = PBXBuildFile; fileRef = F0FA3ED4A0983B1A899C33CA /* libPods-QiniuCloudStorge.a */; };
		AF1E5F961DA89143006481B6 /* AlicloudMobileAnalitics.framework in Frameworks */ = {isa = PBXBuildFile; fileRef = AF1E5F921DA89143006481B6 /* AlicloudMobileAnalitics.framework */; };
		AF1E5F971DA89143006481B6 /* AlicloudUtils.framework in Frameworks */ = {isa = PBXBuildFile; fileRef = AF1E5F931DA89143006481B6 /* AlicloudUtils.framework */; };
		AF1E5F981DA89143006481B6 /* UTDID.framework in Frameworks */ = {isa = PBXBuildFile; fileRef = AF1E5F941DA89143006481B6 /* UTDID.framework */; };
		AF1E5F991DA89143006481B6 /* UTMini.framework in Frameworks */ = {isa = PBXBuildFile; fileRef = AF1E5F951DA89143006481B6 /* UTMini.framework */; };
		AF1E5FBE1DA8D11A006481B6 /* libz.tbd in Frameworks */ = {isa = PBXBuildFile; fileRef = AF1E5FBD1DA8D11A006481B6 /* libz.tbd */; };
		AF1E5FC01DA8D126006481B6 /* libresolv.tbd in Frameworks */ = {isa = PBXBuildFile; fileRef = AF1E5FBF1DA8D126006481B6 /* libresolv.tbd */; };
		AF1E5FC21DA8D12B006481B6 /* SystemConfiguration.framework in Frameworks */ = {isa = PBXBuildFile; fileRef = AF1E5FC11DA8D12B006481B6 /* SystemConfiguration.framework */; };
		AF1E5FC41DA8D135006481B6 /* CoreTelephony.framework in Frameworks */ = {isa = PBXBuildFile; fileRef = AF1E5FC31DA8D135006481B6 /* CoreTelephony.framework */; };
		AF4788AE1D9CC01200E9CF24 /* CheckViewController.m in Sources */ = {isa = PBXBuildFile; fileRef = AF4788AD1D9CC01200E9CF24 /* CheckViewController.m */; };
		AF4788B11D9CF4D400E9CF24 /* UIViewController+FD.m in Sources */ = {isa = PBXBuildFile; fileRef = AF4788B01D9CF4D400E9CF24 /* UIViewController+FD.m */; };
		AF5A6C581DACD8D700C60505 /* UITabBarController+Autorotate.m in Sources */ = {isa = PBXBuildFile; fileRef = AF5A6C571DACD8D700C60505 /* UITabBarController+Autorotate.m */; };
		AF5A6C5B1DACD8EB00C60505 /* UINavigationController+Autorotate.m in Sources */ = {isa = PBXBuildFile; fileRef = AF5A6C5A1DACD8EB00C60505 /* UINavigationController+Autorotate.m */; };
		AF70F1C01DADFA3700932AF7 /* Fabric.framework in Frameworks */ = {isa = PBXBuildFile; fileRef = AF70F1BE1DADFA3700932AF7 /* Fabric.framework */; };
		AF70F1C11DADFA3700932AF7 /* Crashlytics.framework in Frameworks */ = {isa = PBXBuildFile; fileRef = AF70F1BF1DADFA3700932AF7 /* Crashlytics.framework */; };
		AF70F1C91DAE07FC00932AF7 /* SSKeychain.m in Sources */ = {isa = PBXBuildFile; fileRef = AF70F1C81DAE07FC00932AF7 /* SSKeychain.m */; };
		AF70F22C1DAE244700932AF7 /* ImageError.png in Resources */ = {isa = PBXBuildFile; fileRef = AF70F1F31DAE244700932AF7 /* ImageError.png */; };
		AF70F22D1DAE244700932AF7 /* ImageError@2x.png in Resources */ = {isa = PBXBuildFile; fileRef = AF70F1F41DAE244700932AF7 /* ImageError@2x.png */; };
		AF70F22E1DAE244700932AF7 /* ImageError@3x.png in Resources */ = {isa = PBXBuildFile; fileRef = AF70F1F51DAE244700932AF7 /* ImageError@3x.png */; };
		AF70F22F1DAE244700932AF7 /* ImageSelectedOff.png in Resources */ = {isa = PBXBuildFile; fileRef = AF70F1F61DAE244700932AF7 /* ImageSelectedOff.png */; };
		AF70F2301DAE244700932AF7 /* ImageSelectedOff@2x.png in Resources */ = {isa = PBXBuildFile; fileRef = AF70F1F71DAE244700932AF7 /* ImageSelectedOff@2x.png */; };
		AF70F2311DAE244700932AF7 /* ImageSelectedOff@3x.png in Resources */ = {isa = PBXBuildFile; fileRef = AF70F1F81DAE244700932AF7 /* ImageSelectedOff@3x.png */; };
		AF70F2321DAE244700932AF7 /* ImageSelectedOn.png in Resources */ = {isa = PBXBuildFile; fileRef = AF70F1F91DAE244700932AF7 /* ImageSelectedOn.png */; };
		AF70F2331DAE244700932AF7 /* ImageSelectedOn@2x.png in Resources */ = {isa = PBXBuildFile; fileRef = AF70F1FA1DAE244700932AF7 /* ImageSelectedOn@2x.png */; };
		AF70F2341DAE244700932AF7 /* ImageSelectedOn@3x.png in Resources */ = {isa = PBXBuildFile; fileRef = AF70F1FB1DAE244700932AF7 /* ImageSelectedOn@3x.png */; };
		AF70F2351DAE244700932AF7 /* ImageSelectedSmallOff.png in Resources */ = {isa = PBXBuildFile; fileRef = AF70F1FC1DAE244700932AF7 /* ImageSelectedSmallOff.png */; };
		AF70F2361DAE244700932AF7 /* ImageSelectedSmallOff@2x.png in Resources */ = {isa = PBXBuildFile; fileRef = AF70F1FD1DAE244700932AF7 /* ImageSelectedSmallOff@2x.png */; };
		AF70F2371DAE244700932AF7 /* ImageSelectedSmallOff@3x.png in Resources */ = {isa = PBXBuildFile; fileRef = AF70F1FE1DAE244700932AF7 /* ImageSelectedSmallOff@3x.png */; };
		AF70F2381DAE244700932AF7 /* ImageSelectedSmallOn.png in Resources */ = {isa = PBXBuildFile; fileRef = AF70F1FF1DAE244700932AF7 /* ImageSelectedSmallOn.png */; };
		AF70F2391DAE244700932AF7 /* ImageSelectedSmallOn@2x.png in Resources */ = {isa = PBXBuildFile; fileRef = AF70F2001DAE244700932AF7 /* ImageSelectedSmallOn@2x.png */; };
		AF70F23A1DAE244700932AF7 /* ImageSelectedSmallOn@3x.png in Resources */ = {isa = PBXBuildFile; fileRef = AF70F2011DAE244700932AF7 /* ImageSelectedSmallOn@3x.png */; };
		AF70F23B1DAE244700932AF7 /* PlayButtonOverlayLarge.png in Resources */ = {isa = PBXBuildFile; fileRef = AF70F2021DAE244700932AF7 /* PlayButtonOverlayLarge.png */; };
		AF70F23C1DAE244700932AF7 /* PlayButtonOverlayLarge@2x.png in Resources */ = {isa = PBXBuildFile; fileRef = AF70F2031DAE244700932AF7 /* PlayButtonOverlayLarge@2x.png */; };
		AF70F23D1DAE244700932AF7 /* PlayButtonOverlayLarge@3x.png in Resources */ = {isa = PBXBuildFile; fileRef = AF70F2041DAE244700932AF7 /* PlayButtonOverlayLarge@3x.png */; };
		AF70F23E1DAE244700932AF7 /* PlayButtonOverlayLargeTap.png in Resources */ = {isa = PBXBuildFile; fileRef = AF70F2051DAE244700932AF7 /* PlayButtonOverlayLargeTap.png */; };
		AF70F23F1DAE244700932AF7 /* PlayButtonOverlayLargeTap@2x.png in Resources */ = {isa = PBXBuildFile; fileRef = AF70F2061DAE244700932AF7 /* PlayButtonOverlayLargeTap@2x.png */; };
		AF70F2401DAE244700932AF7 /* PlayButtonOverlayLargeTap@3x.png in Resources */ = {isa = PBXBuildFile; fileRef = AF70F2071DAE244700932AF7 /* PlayButtonOverlayLargeTap@3x.png */; };
		AF70F2411DAE244700932AF7 /* UIBarButtonItemArrowLeft.png in Resources */ = {isa = PBXBuildFile; fileRef = AF70F2081DAE244700932AF7 /* UIBarButtonItemArrowLeft.png */; };
		AF70F2421DAE244700932AF7 /* UIBarButtonItemArrowLeft@2x.png in Resources */ = {isa = PBXBuildFile; fileRef = AF70F2091DAE244700932AF7 /* UIBarButtonItemArrowLeft@2x.png */; };
		AF70F2431DAE244700932AF7 /* UIBarButtonItemArrowLeft@3x.png in Resources */ = {isa = PBXBuildFile; fileRef = AF70F20A1DAE244700932AF7 /* UIBarButtonItemArrowLeft@3x.png */; };
		AF70F2441DAE244700932AF7 /* UIBarButtonItemArrowRight.png in Resources */ = {isa = PBXBuildFile; fileRef = AF70F20B1DAE244700932AF7 /* UIBarButtonItemArrowRight.png */; };
		AF70F2451DAE244700932AF7 /* UIBarButtonItemArrowRight@2x.png in Resources */ = {isa = PBXBuildFile; fileRef = AF70F20C1DAE244700932AF7 /* UIBarButtonItemArrowRight@2x.png */; };
		AF70F2461DAE244700932AF7 /* UIBarButtonItemArrowRight@3x.png in Resources */ = {isa = PBXBuildFile; fileRef = AF70F20D1DAE244700932AF7 /* UIBarButtonItemArrowRight@3x.png */; };
		AF70F2471DAE244700932AF7 /* UIBarButtonItemGrid.png in Resources */ = {isa = PBXBuildFile; fileRef = AF70F20E1DAE244700932AF7 /* UIBarButtonItemGrid.png */; };
		AF70F2481DAE244700932AF7 /* UIBarButtonItemGrid@2x.png in Resources */ = {isa = PBXBuildFile; fileRef = AF70F20F1DAE244700932AF7 /* UIBarButtonItemGrid@2x.png */; };
		AF70F2491DAE244700932AF7 /* UIBarButtonItemGrid@3x.png in Resources */ = {isa = PBXBuildFile; fileRef = AF70F2101DAE244700932AF7 /* UIBarButtonItemGrid@3x.png */; };
		AF70F24A1DAE244700932AF7 /* VideoOverlay.png in Resources */ = {isa = PBXBuildFile; fileRef = AF70F2111DAE244700932AF7 /* VideoOverlay.png */; };
		AF70F24B1DAE244700932AF7 /* VideoOverlay@2x.png in Resources */ = {isa = PBXBuildFile; fileRef = AF70F2121DAE244700932AF7 /* VideoOverlay@2x.png */; };
		AF70F24C1DAE244700932AF7 /* VideoOverlay@3x.png in Resources */ = {isa = PBXBuildFile; fileRef = AF70F2131DAE244700932AF7 /* VideoOverlay@3x.png */; };
		AF70F24D1DAE244700932AF7 /* MWCaptionView.m in Sources */ = {isa = PBXBuildFile; fileRef = AF70F2161DAE244700932AF7 /* MWCaptionView.m */; };
		AF70F24E1DAE244700932AF7 /* MWGridCell.m in Sources */ = {isa = PBXBuildFile; fileRef = AF70F2191DAE244700932AF7 /* MWGridCell.m */; };
		AF70F24F1DAE244700932AF7 /* MWGridViewController.m in Sources */ = {isa = PBXBuildFile; fileRef = AF70F21B1DAE244700932AF7 /* MWGridViewController.m */; };
		AF70F2501DAE244700932AF7 /* MWPhoto.m in Sources */ = {isa = PBXBuildFile; fileRef = AF70F21D1DAE244700932AF7 /* MWPhoto.m */; };
		AF70F2511DAE244700932AF7 /* MWPhotoBrowser.m in Sources */ = {isa = PBXBuildFile; fileRef = AF70F21F1DAE244700932AF7 /* MWPhotoBrowser.m */; };
		AF70F2521DAE244700932AF7 /* MWTapDetectingImageView.m in Sources */ = {isa = PBXBuildFile; fileRef = AF70F2231DAE244700932AF7 /* MWTapDetectingImageView.m */; };
		AF70F2531DAE244700932AF7 /* MWTapDetectingView.m in Sources */ = {isa = PBXBuildFile; fileRef = AF70F2251DAE244700932AF7 /* MWTapDetectingView.m */; };
		AF70F2541DAE244700932AF7 /* MWZoomingScrollView.m in Sources */ = {isa = PBXBuildFile; fileRef = AF70F2271DAE244700932AF7 /* MWZoomingScrollView.m */; };
		AF70F2551DAE244700932AF7 /* UIImage+MWPhotoBrowser.m in Sources */ = {isa = PBXBuildFile; fileRef = AF70F2291DAE244700932AF7 /* UIImage+MWPhotoBrowser.m */; };
		AF70F2561DAE244700932AF7 /* LICENSE in Resources */ = {isa = PBXBuildFile; fileRef = AF70F22A1DAE244700932AF7 /* LICENSE */; };
		AF70F2571DAE244700932AF7 /* README.md in Sources */ = {isa = PBXBuildFile; fileRef = AF70F22B1DAE244700932AF7 /* README.md */; };
		AF77FCB61DAB2FB300ADA0F8 /* MusicViewController.m in Sources */ = {isa = PBXBuildFile; fileRef = AF77FCB51DAB2FB300ADA0F8 /* MusicViewController.m */; };
		AF77FCB91DAB3D3F00ADA0F8 /* MusicFileListViewController.m in Sources */ = {isa = PBXBuildFile; fileRef = AF77FCB81DAB3D3F00ADA0F8 /* MusicFileListViewController.m */; };
		AFB2E75C1D952E6400ECC1D0 /* main.m in Sources */ = {isa = PBXBuildFile; fileRef = AFB2E75B1D952E6400ECC1D0 /* main.m */; };
		AFB2E75F1D952E6400ECC1D0 /* AppDelegate.m in Sources */ = {isa = PBXBuildFile; fileRef = AFB2E75E1D952E6400ECC1D0 /* AppDelegate.m */; };
		AFB2E7651D952E6400ECC1D0 /* Main.storyboard in Resources */ = {isa = PBXBuildFile; fileRef = AFB2E7631D952E6400ECC1D0 /* Main.storyboard */; };
		AFB2E7671D952E6400ECC1D0 /* Assets.xcassets in Resources */ = {isa = PBXBuildFile; fileRef = AFB2E7661D952E6400ECC1D0 /* Assets.xcassets */; };
		AFB2E76A1D952E6400ECC1D0 /* LaunchScreen.storyboard in Resources */ = {isa = PBXBuildFile; fileRef = AFB2E7681D952E6400ECC1D0 /* LaunchScreen.storyboard */; };
		AFB2E7B41D95301000ECC1D0 /* UIColor+FD.m in Sources */ = {isa = PBXBuildFile; fileRef = AFB2E7731D95301000ECC1D0 /* UIColor+FD.m */; };
		AFB2E7B51D95301000ECC1D0 /* UIView+FD.m in Sources */ = {isa = PBXBuildFile; fileRef = AFB2E7751D95301000ECC1D0 /* UIView+FD.m */; };
		AFB2E7B71D95301000ECC1D0 /* ConfigViewController.m in Sources */ = {isa = PBXBuildFile; fileRef = AFB2E77C1D95301000ECC1D0 /* ConfigViewController.m */; };
		AFB2E7B81D95301000ECC1D0 /* ContainerViewController.m in Sources */ = {isa = PBXBuildFile; fileRef = AFB2E77F1D95301000ECC1D0 /* ContainerViewController.m */; };
		AFB2E7B91D95301000ECC1D0 /* ImageFileDetailCell.m in Sources */ = {isa = PBXBuildFile; fileRef = AFB2E7821D95301000ECC1D0 /* ImageFileDetailCell.m */; };
		AFB2E7BA1D95301000ECC1D0 /* ImageFileDetailModel.m in Sources */ = {isa = PBXBuildFile; fileRef = AFB2E7841D95301000ECC1D0 /* ImageFileDetailModel.m */; };
		AFB2E7BC1D95301000ECC1D0 /* ImageFileListViewController.m in Sources */ = {isa = PBXBuildFile; fileRef = AFB2E7881D95301000ECC1D0 /* ImageFileListViewController.m */; };
		AFB2E7BD1D95301000ECC1D0 /* ImageViewController.m in Sources */ = {isa = PBXBuildFile; fileRef = AFB2E78A1D95301000ECC1D0 /* ImageViewController.m */; };
		AFB2E7BE1D95301000ECC1D0 /* AboutViewController.m in Sources */ = {isa = PBXBuildFile; fileRef = AFB2E78D1D95301000ECC1D0 /* AboutViewController.m */; };
		AFB2E7BF1D95301000ECC1D0 /* MoreViewController.m in Sources */ = {isa = PBXBuildFile; fileRef = AFB2E78F1D95301000ECC1D0 /* MoreViewController.m */; };
		AFB2E7C01D95301000ECC1D0 /* RootNavigationController.m in Sources */ = {isa = PBXBuildFile; fileRef = AFB2E7921D95301000ECC1D0 /* RootNavigationController.m */; };
		AFB2E7C11D95301000ECC1D0 /* RootTabBarController.m in Sources */ = {isa = PBXBuildFile; fileRef = AFB2E7951D95301000ECC1D0 /* RootTabBarController.m */; };
		AFB2E7C31D95301000ECC1D0 /* VideoFileListViewController.m in Sources */ = {isa = PBXBuildFile; fileRef = AFB2E79A1D95301000ECC1D0 /* VideoFileListViewController.m */; };
		AFB2E7C41D95301000ECC1D0 /* VideoViewController.m in Sources */ = {isa = PBXBuildFile; fileRef = AFB2E79C1D95301000ECC1D0 /* VideoViewController.m */; };
		AFB2E7C51D95301000ECC1D0 /* BaseNetworking.m in Sources */ = {isa = PBXBuildFile; fileRef = AFB2E79F1D95301000ECC1D0 /* BaseNetworking.m */; };
		AFB2E7C61D95301000ECC1D0 /* MBProgressHUD.m in Sources */ = {isa = PBXBuildFile; fileRef = AFB2E7A31D95301000ECC1D0 /* MBProgressHUD.m */; };
		AFB2E7C71D95301000ECC1D0 /* AppHelper.m in Sources */ = {isa = PBXBuildFile; fileRef = AFB2E7A91D95301000ECC1D0 /* AppHelper.m */; };
		AFB2E7C81D95301000ECC1D0 /* MapManager.m in Sources */ = {isa = PBXBuildFile; fileRef = AFB2E7AD1D95301000ECC1D0 /* MapManager.m */; };
		AFB2E7C91D95301000ECC1D0 /* QiniuUploadManager.m in Sources */ = {isa = PBXBuildFile; fileRef = AFB2E7B01D95301000ECC1D0 /* QiniuUploadManager.m */; };
		AFB2E7CA1D95301000ECC1D0 /* UserDefault.m in Sources */ = {isa = PBXBuildFile; fileRef = AFB2E7B31D95301000ECC1D0 /* UserDefault.m */; };
/* End PBXBuildFile section */

/* Begin PBXFileReference section */
		9E0AB2BB18E49B5D06986DAC /* Pods-QiniuCloudStorge.debug.xcconfig */ = {isa = PBXFileReference; includeInIndex = 1; lastKnownFileType = text.xcconfig; name = "Pods-QiniuCloudStorge.debug.xcconfig"; path = "Pods/Target Support Files/Pods-QiniuCloudStorge/Pods-QiniuCloudStorge.debug.xcconfig"; sourceTree = "<group>"; };
		AF1E5F921DA89143006481B6 /* AlicloudMobileAnalitics.framework */ = {isa = PBXFileReference; lastKnownFileType = wrapper.framework; path = AlicloudMobileAnalitics.framework; sourceTree = "<group>"; };
		AF1E5F931DA89143006481B6 /* AlicloudUtils.framework */ = {isa = PBXFileReference; lastKnownFileType = wrapper.framework; path = AlicloudUtils.framework; sourceTree = "<group>"; };
		AF1E5F941DA89143006481B6 /* UTDID.framework */ = {isa = PBXFileReference; lastKnownFileType = wrapper.framework; path = UTDID.framework; sourceTree = "<group>"; };
		AF1E5F951DA89143006481B6 /* UTMini.framework */ = {isa = PBXFileReference; lastKnownFileType = wrapper.framework; path = UTMini.framework; sourceTree = "<group>"; };
		AF1E5FBD1DA8D11A006481B6 /* libz.tbd */ = {isa = PBXFileReference; lastKnownFileType = "sourcecode.text-based-dylib-definition"; name = libz.tbd; path = usr/lib/libz.tbd; sourceTree = SDKROOT; };
		AF1E5FBF1DA8D126006481B6 /* libresolv.tbd */ = {isa = PBXFileReference; lastKnownFileType = "sourcecode.text-based-dylib-definition"; name = libresolv.tbd; path = usr/lib/libresolv.tbd; sourceTree = SDKROOT; };
		AF1E5FC11DA8D12B006481B6 /* SystemConfiguration.framework */ = {isa = PBXFileReference; lastKnownFileType = wrapper.framework; name = SystemConfiguration.framework; path = System/Library/Frameworks/SystemConfiguration.framework; sourceTree = SDKROOT; };
		AF1E5FC31DA8D135006481B6 /* CoreTelephony.framework */ = {isa = PBXFileReference; lastKnownFileType = wrapper.framework; name = CoreTelephony.framework; path = System/Library/Frameworks/CoreTelephony.framework; sourceTree = SDKROOT; };
		AF4788AC1D9CC01200E9CF24 /* CheckViewController.h */ = {isa = PBXFileReference; fileEncoding = 4; lastKnownFileType = sourcecode.c.h; path = CheckViewController.h; sourceTree = "<group>"; };
		AF4788AD1D9CC01200E9CF24 /* CheckViewController.m */ = {isa = PBXFileReference; fileEncoding = 4; lastKnownFileType = sourcecode.c.objc; path = CheckViewController.m; sourceTree = "<group>"; };
		AF4788AF1D9CF4D400E9CF24 /* UIViewController+FD.h */ = {isa = PBXFileReference; fileEncoding = 4; lastKnownFileType = sourcecode.c.h; path = "UIViewController+FD.h"; sourceTree = "<group>"; };
		AF4788B01D9CF4D400E9CF24 /* UIViewController+FD.m */ = {isa = PBXFileReference; fileEncoding = 4; lastKnownFileType = sourcecode.c.objc; path = "UIViewController+FD.m"; sourceTree = "<group>"; };
		AF5A6C561DACD8D700C60505 /* UITabBarController+Autorotate.h */ = {isa = PBXFileReference; fileEncoding = 4; lastKnownFileType = sourcecode.c.h; path = "UITabBarController+Autorotate.h"; sourceTree = "<group>"; };
		AF5A6C571DACD8D700C60505 /* UITabBarController+Autorotate.m */ = {isa = PBXFileReference; fileEncoding = 4; lastKnownFileType = sourcecode.c.objc; path = "UITabBarController+Autorotate.m"; sourceTree = "<group>"; };
		AF5A6C591DACD8EB00C60505 /* UINavigationController+Autorotate.h */ = {isa = PBXFileReference; fileEncoding = 4; lastKnownFileType = sourcecode.c.h; path = "UINavigationController+Autorotate.h"; sourceTree = "<group>"; };
		AF5A6C5A1DACD8EB00C60505 /* UINavigationController+Autorotate.m */ = {isa = PBXFileReference; fileEncoding = 4; lastKnownFileType = sourcecode.c.objc; path = "UINavigationController+Autorotate.m"; sourceTree = "<group>"; };
		AF70F1BE1DADFA3700932AF7 /* Fabric.framework */ = {isa = PBXFileReference; lastKnownFileType = wrapper.framework; path = Fabric.framework; sourceTree = "<group>"; };
		AF70F1BF1DADFA3700932AF7 /* Crashlytics.framework */ = {isa = PBXFileReference; lastKnownFileType = wrapper.framework; path = Crashlytics.framework; sourceTree = "<group>"; };
		AF70F1C71DAE07FC00932AF7 /* SSKeychain.h */ = {isa = PBXFileReference; fileEncoding = 4; lastKnownFileType = sourcecode.c.h; path = SSKeychain.h; sourceTree = "<group>"; };
		AF70F1C81DAE07FC00932AF7 /* SSKeychain.m */ = {isa = PBXFileReference; fileEncoding = 4; lastKnownFileType = sourcecode.c.objc; path = SSKeychain.m; sourceTree = "<group>"; };
		AF70F1F31DAE244700932AF7 /* ImageError.png */ = {isa = PBXFileReference; lastKnownFileType = image.png; path = ImageError.png; sourceTree = "<group>"; };
		AF70F1F41DAE244700932AF7 /* ImageError@2x.png */ = {isa = PBXFileReference; lastKnownFileType = image.png; path = "ImageError@2x.png"; sourceTree = "<group>"; };
		AF70F1F51DAE244700932AF7 /* ImageError@3x.png */ = {isa = PBXFileReference; lastKnownFileType = image.png; path = "ImageError@3x.png"; sourceTree = "<group>"; };
		AF70F1F61DAE244700932AF7 /* ImageSelectedOff.png */ = {isa = PBXFileReference; lastKnownFileType = image.png; path = ImageSelectedOff.png; sourceTree = "<group>"; };
		AF70F1F71DAE244700932AF7 /* ImageSelectedOff@2x.png */ = {isa = PBXFileReference; lastKnownFileType = image.png; path = "ImageSelectedOff@2x.png"; sourceTree = "<group>"; };
		AF70F1F81DAE244700932AF7 /* ImageSelectedOff@3x.png */ = {isa = PBXFileReference; lastKnownFileType = image.png; path = "ImageSelectedOff@3x.png"; sourceTree = "<group>"; };
		AF70F1F91DAE244700932AF7 /* ImageSelectedOn.png */ = {isa = PBXFileReference; lastKnownFileType = image.png; path = ImageSelectedOn.png; sourceTree = "<group>"; };
		AF70F1FA1DAE244700932AF7 /* ImageSelectedOn@2x.png */ = {isa = PBXFileReference; lastKnownFileType = image.png; path = "ImageSelectedOn@2x.png"; sourceTree = "<group>"; };
		AF70F1FB1DAE244700932AF7 /* ImageSelectedOn@3x.png */ = {isa = PBXFileReference; lastKnownFileType = image.png; path = "ImageSelectedOn@3x.png"; sourceTree = "<group>"; };
		AF70F1FC1DAE244700932AF7 /* ImageSelectedSmallOff.png */ = {isa = PBXFileReference; lastKnownFileType = image.png; path = ImageSelectedSmallOff.png; sourceTree = "<group>"; };
		AF70F1FD1DAE244700932AF7 /* ImageSelectedSmallOff@2x.png */ = {isa = PBXFileReference; lastKnownFileType = image.png; path = "ImageSelectedSmallOff@2x.png"; sourceTree = "<group>"; };
		AF70F1FE1DAE244700932AF7 /* ImageSelectedSmallOff@3x.png */ = {isa = PBXFileReference; lastKnownFileType = image.png; path = "ImageSelectedSmallOff@3x.png"; sourceTree = "<group>"; };
		AF70F1FF1DAE244700932AF7 /* ImageSelectedSmallOn.png */ = {isa = PBXFileReference; lastKnownFileType = image.png; path = ImageSelectedSmallOn.png; sourceTree = "<group>"; };
		AF70F2001DAE244700932AF7 /* ImageSelectedSmallOn@2x.png */ = {isa = PBXFileReference; lastKnownFileType = image.png; path = "ImageSelectedSmallOn@2x.png"; sourceTree = "<group>"; };
		AF70F2011DAE244700932AF7 /* ImageSelectedSmallOn@3x.png */ = {isa = PBXFileReference; lastKnownFileType = image.png; path = "ImageSelectedSmallOn@3x.png"; sourceTree = "<group>"; };
		AF70F2021DAE244700932AF7 /* PlayButtonOverlayLarge.png */ = {isa = PBXFileReference; lastKnownFileType = image.png; path = PlayButtonOverlayLarge.png; sourceTree = "<group>"; };
		AF70F2031DAE244700932AF7 /* PlayButtonOverlayLarge@2x.png */ = {isa = PBXFileReference; lastKnownFileType = image.png; path = "PlayButtonOverlayLarge@2x.png"; sourceTree = "<group>"; };
		AF70F2041DAE244700932AF7 /* PlayButtonOverlayLarge@3x.png */ = {isa = PBXFileReference; lastKnownFileType = image.png; path = "PlayButtonOverlayLarge@3x.png"; sourceTree = "<group>"; };
		AF70F2051DAE244700932AF7 /* PlayButtonOverlayLargeTap.png */ = {isa = PBXFileReference; lastKnownFileType = image.png; path = PlayButtonOverlayLargeTap.png; sourceTree = "<group>"; };
		AF70F2061DAE244700932AF7 /* PlayButtonOverlayLargeTap@2x.png */ = {isa = PBXFileReference; lastKnownFileType = image.png; path = "PlayButtonOverlayLargeTap@2x.png"; sourceTree = "<group>"; };
		AF70F2071DAE244700932AF7 /* PlayButtonOverlayLargeTap@3x.png */ = {isa = PBXFileReference; lastKnownFileType = image.png; path = "PlayButtonOverlayLargeTap@3x.png"; sourceTree = "<group>"; };
		AF70F2081DAE244700932AF7 /* UIBarButtonItemArrowLeft.png */ = {isa = PBXFileReference; lastKnownFileType = image.png; path = UIBarButtonItemArrowLeft.png; sourceTree = "<group>"; };
		AF70F2091DAE244700932AF7 /* UIBarButtonItemArrowLeft@2x.png */ = {isa = PBXFileReference; lastKnownFileType = image.png; path = "UIBarButtonItemArrowLeft@2x.png"; sourceTree = "<group>"; };
		AF70F20A1DAE244700932AF7 /* UIBarButtonItemArrowLeft@3x.png */ = {isa = PBXFileReference; lastKnownFileType = image.png; path = "UIBarButtonItemArrowLeft@3x.png"; sourceTree = "<group>"; };
		AF70F20B1DAE244700932AF7 /* UIBarButtonItemArrowRight.png */ = {isa = PBXFileReference; lastKnownFileType = image.png; path = UIBarButtonItemArrowRight.png; sourceTree = "<group>"; };
		AF70F20C1DAE244700932AF7 /* UIBarButtonItemArrowRight@2x.png */ = {isa = PBXFileReference; lastKnownFileType = image.png; path = "UIBarButtonItemArrowRight@2x.png"; sourceTree = "<group>"; };
		AF70F20D1DAE244700932AF7 /* UIBarButtonItemArrowRight@3x.png */ = {isa = PBXFileReference; lastKnownFileType = image.png; path = "UIBarButtonItemArrowRight@3x.png"; sourceTree = "<group>"; };
		AF70F20E1DAE244700932AF7 /* UIBarButtonItemGrid.png */ = {isa = PBXFileReference; lastKnownFileType = image.png; path = UIBarButtonItemGrid.png; sourceTree = "<group>"; };
		AF70F20F1DAE244700932AF7 /* UIBarButtonItemGrid@2x.png */ = {isa = PBXFileReference; lastKnownFileType = image.png; path = "UIBarButtonItemGrid@2x.png"; sourceTree = "<group>"; };
		AF70F2101DAE244700932AF7 /* UIBarButtonItemGrid@3x.png */ = {isa = PBXFileReference; lastKnownFileType = image.png; path = "UIBarButtonItemGrid@3x.png"; sourceTree = "<group>"; };
		AF70F2111DAE244700932AF7 /* VideoOverlay.png */ = {isa = PBXFileReference; lastKnownFileType = image.png; path = VideoOverlay.png; sourceTree = "<group>"; };
		AF70F2121DAE244700932AF7 /* VideoOverlay@2x.png */ = {isa = PBXFileReference; lastKnownFileType = image.png; path = "VideoOverlay@2x.png"; sourceTree = "<group>"; };
		AF70F2131DAE244700932AF7 /* VideoOverlay@3x.png */ = {isa = PBXFileReference; lastKnownFileType = image.png; path = "VideoOverlay@3x.png"; sourceTree = "<group>"; };
		AF70F2151DAE244700932AF7 /* MWCaptionView.h */ = {isa = PBXFileReference; fileEncoding = 4; lastKnownFileType = sourcecode.c.h; path = MWCaptionView.h; sourceTree = "<group>"; };
		AF70F2161DAE244700932AF7 /* MWCaptionView.m */ = {isa = PBXFileReference; fileEncoding = 4; lastKnownFileType = sourcecode.c.objc; path = MWCaptionView.m; sourceTree = "<group>"; };
		AF70F2171DAE244700932AF7 /* MWCommon.h */ = {isa = PBXFileReference; fileEncoding = 4; lastKnownFileType = sourcecode.c.h; path = MWCommon.h; sourceTree = "<group>"; };
		AF70F2181DAE244700932AF7 /* MWGridCell.h */ = {isa = PBXFileReference; fileEncoding = 4; lastKnownFileType = sourcecode.c.h; path = MWGridCell.h; sourceTree = "<group>"; };
		AF70F2191DAE244700932AF7 /* MWGridCell.m */ = {isa = PBXFileReference; fileEncoding = 4; lastKnownFileType = sourcecode.c.objc; path = MWGridCell.m; sourceTree = "<group>"; };
		AF70F21A1DAE244700932AF7 /* MWGridViewController.h */ = {isa = PBXFileReference; fileEncoding = 4; lastKnownFileType = sourcecode.c.h; path = MWGridViewController.h; sourceTree = "<group>"; };
		AF70F21B1DAE244700932AF7 /* MWGridViewController.m */ = {isa = PBXFileReference; fileEncoding = 4; lastKnownFileType = sourcecode.c.objc; path = MWGridViewController.m; sourceTree = "<group>"; };
		AF70F21C1DAE244700932AF7 /* MWPhoto.h */ = {isa = PBXFileReference; fileEncoding = 4; lastKnownFileType = sourcecode.c.h; path = MWPhoto.h; sourceTree = "<group>"; };
		AF70F21D1DAE244700932AF7 /* MWPhoto.m */ = {isa = PBXFileReference; fileEncoding = 4; lastKnownFileType = sourcecode.c.objc; path = MWPhoto.m; sourceTree = "<group>"; };
		AF70F21E1DAE244700932AF7 /* MWPhotoBrowser.h */ = {isa = PBXFileReference; fileEncoding = 4; lastKnownFileType = sourcecode.c.h; path = MWPhotoBrowser.h; sourceTree = "<group>"; };
		AF70F21F1DAE244700932AF7 /* MWPhotoBrowser.m */ = {isa = PBXFileReference; fileEncoding = 4; lastKnownFileType = sourcecode.c.objc; path = MWPhotoBrowser.m; sourceTree = "<group>"; };
		AF70F2201DAE244700932AF7 /* MWPhotoBrowserPrivate.h */ = {isa = PBXFileReference; fileEncoding = 4; lastKnownFileType = sourcecode.c.h; path = MWPhotoBrowserPrivate.h; sourceTree = "<group>"; };
		AF70F2211DAE244700932AF7 /* MWPhotoProtocol.h */ = {isa = PBXFileReference; fileEncoding = 4; lastKnownFileType = sourcecode.c.h; path = MWPhotoProtocol.h; sourceTree = "<group>"; };
		AF70F2221DAE244700932AF7 /* MWTapDetectingImageView.h */ = {isa = PBXFileReference; fileEncoding = 4; lastKnownFileType = sourcecode.c.h; path = MWTapDetectingImageView.h; sourceTree = "<group>"; };
		AF70F2231DAE244700932AF7 /* MWTapDetectingImageView.m */ = {isa = PBXFileReference; fileEncoding = 4; lastKnownFileType = sourcecode.c.objc; path = MWTapDetectingImageView.m; sourceTree = "<group>"; };
		AF70F2241DAE244700932AF7 /* MWTapDetectingView.h */ = {isa = PBXFileReference; fileEncoding = 4; lastKnownFileType = sourcecode.c.h; path = MWTapDetectingView.h; sourceTree = "<group>"; };
		AF70F2251DAE244700932AF7 /* MWTapDetectingView.m */ = {isa = PBXFileReference; fileEncoding = 4; lastKnownFileType = sourcecode.c.objc; path = MWTapDetectingView.m; sourceTree = "<group>"; };
		AF70F2261DAE244700932AF7 /* MWZoomingScrollView.h */ = {isa = PBXFileReference; fileEncoding = 4; lastKnownFileType = sourcecode.c.h; path = MWZoomingScrollView.h; sourceTree = "<group>"; };
		AF70F2271DAE244700932AF7 /* MWZoomingScrollView.m */ = {isa = PBXFileReference; fileEncoding = 4; lastKnownFileType = sourcecode.c.objc; path = MWZoomingScrollView.m; sourceTree = "<group>"; };
		AF70F2281DAE244700932AF7 /* UIImage+MWPhotoBrowser.h */ = {isa = PBXFileReference; fileEncoding = 4; lastKnownFileType = sourcecode.c.h; path = "UIImage+MWPhotoBrowser.h"; sourceTree = "<group>"; };
		AF70F2291DAE244700932AF7 /* UIImage+MWPhotoBrowser.m */ = {isa = PBXFileReference; fileEncoding = 4; lastKnownFileType = sourcecode.c.objc; path = "UIImage+MWPhotoBrowser.m"; sourceTree = "<group>"; };
		AF70F22A1DAE244700932AF7 /* LICENSE */ = {isa = PBXFileReference; fileEncoding = 4; lastKnownFileType = text; path = LICENSE; sourceTree = "<group>"; };
		AF70F22B1DAE244700932AF7 /* README.md */ = {isa = PBXFileReference; fileEncoding = 4; lastKnownFileType = net.daringfireball.markdown; path = README.md; sourceTree = "<group>"; };
		AF77FCB41DAB2FB300ADA0F8 /* MusicViewController.h */ = {isa = PBXFileReference; fileEncoding = 4; lastKnownFileType = sourcecode.c.h; path = MusicViewController.h; sourceTree = "<group>"; };
		AF77FCB51DAB2FB300ADA0F8 /* MusicViewController.m */ = {isa = PBXFileReference; fileEncoding = 4; lastKnownFileType = sourcecode.c.objc; path = MusicViewController.m; sourceTree = "<group>"; };
		AF77FCB71DAB3D3F00ADA0F8 /* MusicFileListViewController.h */ = {isa = PBXFileReference; fileEncoding = 4; lastKnownFileType = sourcecode.c.h; path = MusicFileListViewController.h; sourceTree = "<group>"; };
		AF77FCB81DAB3D3F00ADA0F8 /* MusicFileListViewController.m */ = {isa = PBXFileReference; fileEncoding = 4; lastKnownFileType = sourcecode.c.objc; path = MusicFileListViewController.m; sourceTree = "<group>"; };
		AFB2E7571D952E6400ECC1D0 /* QiniuCloudStorge.app */ = {isa = PBXFileReference; explicitFileType = wrapper.application; includeInIndex = 0; path = QiniuCloudStorge.app; sourceTree = BUILT_PRODUCTS_DIR; };
		AFB2E75B1D952E6400ECC1D0 /* main.m */ = {isa = PBXFileReference; lastKnownFileType = sourcecode.c.objc; path = main.m; sourceTree = "<group>"; };
		AFB2E75D1D952E6400ECC1D0 /* AppDelegate.h */ = {isa = PBXFileReference; lastKnownFileType = sourcecode.c.h; path = AppDelegate.h; sourceTree = "<group>"; };
		AFB2E75E1D952E6400ECC1D0 /* AppDelegate.m */ = {isa = PBXFileReference; lastKnownFileType = sourcecode.c.objc; path = AppDelegate.m; sourceTree = "<group>"; };
		AFB2E7641D952E6400ECC1D0 /* Base */ = {isa = PBXFileReference; lastKnownFileType = file.storyboard; name = Base; path = Base.lproj/Main.storyboard; sourceTree = "<group>"; };
		AFB2E7661D952E6400ECC1D0 /* Assets.xcassets */ = {isa = PBXFileReference; lastKnownFileType = folder.assetcatalog; path = Assets.xcassets; sourceTree = "<group>"; };
		AFB2E7691D952E6400ECC1D0 /* Base */ = {isa = PBXFileReference; lastKnownFileType = file.storyboard; name = Base; path = Base.lproj/LaunchScreen.storyboard; sourceTree = "<group>"; };
		AFB2E76B1D952E6400ECC1D0 /* Info.plist */ = {isa = PBXFileReference; lastKnownFileType = text.plist.xml; path = Info.plist; sourceTree = "<group>"; };
		AFB2E7721D95301000ECC1D0 /* UIColor+FD.h */ = {isa = PBXFileReference; fileEncoding = 4; lastKnownFileType = sourcecode.c.h; path = "UIColor+FD.h"; sourceTree = "<group>"; };
		AFB2E7731D95301000ECC1D0 /* UIColor+FD.m */ = {isa = PBXFileReference; fileEncoding = 4; lastKnownFileType = sourcecode.c.objc; path = "UIColor+FD.m"; sourceTree = "<group>"; };
		AFB2E7741D95301000ECC1D0 /* UIView+FD.h */ = {isa = PBXFileReference; fileEncoding = 4; lastKnownFileType = sourcecode.c.h; path = "UIView+FD.h"; sourceTree = "<group>"; };
		AFB2E7751D95301000ECC1D0 /* UIView+FD.m */ = {isa = PBXFileReference; fileEncoding = 4; lastKnownFileType = sourcecode.c.objc; path = "UIView+FD.m"; sourceTree = "<group>"; };
		AFB2E77B1D95301000ECC1D0 /* ConfigViewController.h */ = {isa = PBXFileReference; fileEncoding = 4; lastKnownFileType = sourcecode.c.h; path = ConfigViewController.h; sourceTree = "<group>"; };
		AFB2E77C1D95301000ECC1D0 /* ConfigViewController.m */ = {isa = PBXFileReference; fileEncoding = 4; lastKnownFileType = sourcecode.c.objc; path = ConfigViewController.m; sourceTree = "<group>"; };
		AFB2E77E1D95301000ECC1D0 /* ContainerViewController.h */ = {isa = PBXFileReference; fileEncoding = 4; lastKnownFileType = sourcecode.c.h; path = ContainerViewController.h; sourceTree = "<group>"; };
		AFB2E77F1D95301000ECC1D0 /* ContainerViewController.m */ = {isa = PBXFileReference; fileEncoding = 4; lastKnownFileType = sourcecode.c.objc; path = ContainerViewController.m; sourceTree = "<group>"; };
		AFB2E7811D95301000ECC1D0 /* ImageFileDetailCell.h */ = {isa = PBXFileReference; fileEncoding = 4; lastKnownFileType = sourcecode.c.h; path = ImageFileDetailCell.h; sourceTree = "<group>"; };
		AFB2E7821D95301000ECC1D0 /* ImageFileDetailCell.m */ = {isa = PBXFileReference; fileEncoding = 4; lastKnownFileType = sourcecode.c.objc; path = ImageFileDetailCell.m; sourceTree = "<group>"; };
		AFB2E7831D95301000ECC1D0 /* ImageFileDetailModel.h */ = {isa = PBXFileReference; fileEncoding = 4; lastKnownFileType = sourcecode.c.h; path = ImageFileDetailModel.h; sourceTree = "<group>"; };
		AFB2E7841D95301000ECC1D0 /* ImageFileDetailModel.m */ = {isa = PBXFileReference; fileEncoding = 4; lastKnownFileType = sourcecode.c.objc; path = ImageFileDetailModel.m; sourceTree = "<group>"; };
		AFB2E7871D95301000ECC1D0 /* ImageFileListViewController.h */ = {isa = PBXFileReference; fileEncoding = 4; lastKnownFileType = sourcecode.c.h; path = ImageFileListViewController.h; sourceTree = "<group>"; };
		AFB2E7881D95301000ECC1D0 /* ImageFileListViewController.m */ = {isa = PBXFileReference; fileEncoding = 4; lastKnownFileType = sourcecode.c.objc; path = ImageFileListViewController.m; sourceTree = "<group>"; };
		AFB2E7891D95301000ECC1D0 /* ImageViewController.h */ = {isa = PBXFileReference; fileEncoding = 4; lastKnownFileType = sourcecode.c.h; path = ImageViewController.h; sourceTree = "<group>"; };
		AFB2E78A1D95301000ECC1D0 /* ImageViewController.m */ = {isa = PBXFileReference; fileEncoding = 4; lastKnownFileType = sourcecode.c.objc; path = ImageViewController.m; sourceTree = "<group>"; };
		AFB2E78C1D95301000ECC1D0 /* AboutViewController.h */ = {isa = PBXFileReference; fileEncoding = 4; lastKnownFileType = sourcecode.c.h; path = AboutViewController.h; sourceTree = "<group>"; };
		AFB2E78D1D95301000ECC1D0 /* AboutViewController.m */ = {isa = PBXFileReference; fileEncoding = 4; lastKnownFileType = sourcecode.c.objc; path = AboutViewController.m; sourceTree = "<group>"; };
		AFB2E78E1D95301000ECC1D0 /* MoreViewController.h */ = {isa = PBXFileReference; fileEncoding = 4; lastKnownFileType = sourcecode.c.h; path = MoreViewController.h; sourceTree = "<group>"; };
		AFB2E78F1D95301000ECC1D0 /* MoreViewController.m */ = {isa = PBXFileReference; fileEncoding = 4; lastKnownFileType = sourcecode.c.objc; path = MoreViewController.m; sourceTree = "<group>"; };
		AFB2E7911D95301000ECC1D0 /* RootNavigationController.h */ = {isa = PBXFileReference; fileEncoding = 4; lastKnownFileType = sourcecode.c.h; path = RootNavigationController.h; sourceTree = "<group>"; };
		AFB2E7921D95301000ECC1D0 /* RootNavigationController.m */ = {isa = PBXFileReference; fileEncoding = 4; lastKnownFileType = sourcecode.c.objc; path = RootNavigationController.m; sourceTree = "<group>"; };
		AFB2E7941D95301000ECC1D0 /* RootTabBarController.h */ = {isa = PBXFileReference; fileEncoding = 4; lastKnownFileType = sourcecode.c.h; path = RootTabBarController.h; sourceTree = "<group>"; };
		AFB2E7951D95301000ECC1D0 /* RootTabBarController.m */ = {isa = PBXFileReference; fileEncoding = 4; lastKnownFileType = sourcecode.c.objc; path = RootTabBarController.m; sourceTree = "<group>"; };
		AFB2E7991D95301000ECC1D0 /* VideoFileListViewController.h */ = {isa = PBXFileReference; fileEncoding = 4; lastKnownFileType = sourcecode.c.h; path = VideoFileListViewController.h; sourceTree = "<group>"; };
		AFB2E79A1D95301000ECC1D0 /* VideoFileListViewController.m */ = {isa = PBXFileReference; fileEncoding = 4; lastKnownFileType = sourcecode.c.objc; path = VideoFileListViewController.m; sourceTree = "<group>"; };
		AFB2E79B1D95301000ECC1D0 /* VideoViewController.h */ = {isa = PBXFileReference; fileEncoding = 4; lastKnownFileType = sourcecode.c.h; path = VideoViewController.h; sourceTree = "<group>"; };
		AFB2E79C1D95301000ECC1D0 /* VideoViewController.m */ = {isa = PBXFileReference; fileEncoding = 4; lastKnownFileType = sourcecode.c.objc; path = VideoViewController.m; sourceTree = "<group>"; };
		AFB2E79E1D95301000ECC1D0 /* BaseNetworking.h */ = {isa = PBXFileReference; fileEncoding = 4; lastKnownFileType = sourcecode.c.h; path = BaseNetworking.h; sourceTree = "<group>"; };
		AFB2E79F1D95301000ECC1D0 /* BaseNetworking.m */ = {isa = PBXFileReference; fileEncoding = 4; lastKnownFileType = sourcecode.c.objc; path = BaseNetworking.m; sourceTree = "<group>"; };
		AFB2E7A21D95301000ECC1D0 /* MBProgressHUD.h */ = {isa = PBXFileReference; fileEncoding = 4; lastKnownFileType = sourcecode.c.h; path = MBProgressHUD.h; sourceTree = "<group>"; };
		AFB2E7A31D95301000ECC1D0 /* MBProgressHUD.m */ = {isa = PBXFileReference; fileEncoding = 4; lastKnownFileType = sourcecode.c.objc; path = MBProgressHUD.m; sourceTree = "<group>"; };
		AFB2E7A61D95301000ECC1D0 /* AppDefine.h */ = {isa = PBXFileReference; fileEncoding = 4; lastKnownFileType = sourcecode.c.h; path = AppDefine.h; sourceTree = "<group>"; };
		AFB2E7A71D95301000ECC1D0 /* AppHeader.h */ = {isa = PBXFileReference; fileEncoding = 4; lastKnownFileType = sourcecode.c.h; path = AppHeader.h; sourceTree = "<group>"; };
		AFB2E7A81D95301000ECC1D0 /* AppHelper.h */ = {isa = PBXFileReference; fileEncoding = 4; lastKnownFileType = sourcecode.c.h; path = AppHelper.h; sourceTree = "<group>"; };
		AFB2E7A91D95301000ECC1D0 /* AppHelper.m */ = {isa = PBXFileReference; fileEncoding = 4; lastKnownFileType = sourcecode.c.objc; path = AppHelper.m; sourceTree = "<group>"; };
		AFB2E7AA1D95301000ECC1D0 /* AppPrefixHeader.pch */ = {isa = PBXFileReference; fileEncoding = 4; lastKnownFileType = sourcecode.c.h; path = AppPrefixHeader.pch; sourceTree = "<group>"; };
		AFB2E7AC1D95301000ECC1D0 /* MapManager.h */ = {isa = PBXFileReference; fileEncoding = 4; lastKnownFileType = sourcecode.c.h; path = MapManager.h; sourceTree = "<group>"; };
		AFB2E7AD1D95301000ECC1D0 /* MapManager.m */ = {isa = PBXFileReference; fileEncoding = 4; lastKnownFileType = sourcecode.c.objc; path = MapManager.m; sourceTree = "<group>"; };
		AFB2E7AF1D95301000ECC1D0 /* QiniuUploadManager.h */ = {isa = PBXFileReference; fileEncoding = 4; lastKnownFileType = sourcecode.c.h; path = QiniuUploadManager.h; sourceTree = "<group>"; };
		AFB2E7B01D95301000ECC1D0 /* QiniuUploadManager.m */ = {isa = PBXFileReference; fileEncoding = 4; lastKnownFileType = sourcecode.c.objc; path = QiniuUploadManager.m; sourceTree = "<group>"; };
		AFB2E7B21D95301000ECC1D0 /* UserDefault.h */ = {isa = PBXFileReference; fileEncoding = 4; lastKnownFileType = sourcecode.c.h; path = UserDefault.h; sourceTree = "<group>"; };
		AFB2E7B31D95301000ECC1D0 /* UserDefault.m */ = {isa = PBXFileReference; fileEncoding = 4; lastKnownFileType = sourcecode.c.objc; path = UserDefault.m; sourceTree = "<group>"; };
		E73471291617E390AE842469 /* Pods-QiniuCloudStorge.release.xcconfig */ = {isa = PBXFileReference; includeInIndex = 1; lastKnownFileType = text.xcconfig; name = "Pods-QiniuCloudStorge.release.xcconfig"; path = "Pods/Target Support Files/Pods-QiniuCloudStorge/Pods-QiniuCloudStorge.release.xcconfig"; sourceTree = "<group>"; };
		F0FA3ED4A0983B1A899C33CA /* libPods-QiniuCloudStorge.a */ = {isa = PBXFileReference; explicitFileType = archive.ar; includeInIndex = 0; path = "libPods-QiniuCloudStorge.a"; sourceTree = BUILT_PRODUCTS_DIR; };
/* End PBXFileReference section */

/* Begin PBXFrameworksBuildPhase section */
		AFB2E7541D952E6400ECC1D0 /* Frameworks */ = {
			isa = PBXFrameworksBuildPhase;
			buildActionMask = 2147483647;
			files = (
				AF1E5FC41DA8D135006481B6 /* CoreTelephony.framework in Frameworks */,
				AF70F1C01DADFA3700932AF7 /* Fabric.framework in Frameworks */,
				AF1E5FC21DA8D12B006481B6 /* SystemConfiguration.framework in Frameworks */,
				AF1E5FC01DA8D126006481B6 /* libresolv.tbd in Frameworks */,
				AF1E5FBE1DA8D11A006481B6 /* libz.tbd in Frameworks */,
				AF1E5F961DA89143006481B6 /* AlicloudMobileAnalitics.framework in Frameworks */,
				AF1E5F981DA89143006481B6 /* UTDID.framework in Frameworks */,
				745A6B4F952DDAA06D163BC2 /* libPods-QiniuCloudStorge.a in Frameworks */,
				AF1E5F971DA89143006481B6 /* AlicloudUtils.framework in Frameworks */,
				AF1E5F991DA89143006481B6 /* UTMini.framework in Frameworks */,
				AF70F1C11DADFA3700932AF7 /* Crashlytics.framework in Frameworks */,
			);
			runOnlyForDeploymentPostprocessing = 0;
		};
/* End PBXFrameworksBuildPhase section */

/* Begin PBXGroup section */
		139058F78032822386000DDD /* Pods */ = {
			isa = PBXGroup;
			children = (
				9E0AB2BB18E49B5D06986DAC /* Pods-QiniuCloudStorge.debug.xcconfig */,
				E73471291617E390AE842469 /* Pods-QiniuCloudStorge.release.xcconfig */,
			);
			name = Pods;
			sourceTree = "<group>";
		};
		457F6F5B6FF946C2904DDE65 /* Frameworks */ = {
			isa = PBXGroup;
			children = (
				AF1E5FC31DA8D135006481B6 /* CoreTelephony.framework */,
				AF1E5FC11DA8D12B006481B6 /* SystemConfiguration.framework */,
				AF1E5FBF1DA8D126006481B6 /* libresolv.tbd */,
				AF1E5FBD1DA8D11A006481B6 /* libz.tbd */,
				F0FA3ED4A0983B1A899C33CA /* libPods-QiniuCloudStorge.a */,
			);
			name = Frameworks;
			sourceTree = "<group>";
		};
		AF1E5F911DA89143006481B6 /* AliyunAnalitics */ = {
			isa = PBXGroup;
			children = (
				AF1E5F921DA89143006481B6 /* AlicloudMobileAnalitics.framework */,
				AF1E5F931DA89143006481B6 /* AlicloudUtils.framework */,
				AF1E5F941DA89143006481B6 /* UTDID.framework */,
				AF1E5F951DA89143006481B6 /* UTMini.framework */,
			);
			path = AliyunAnalitics;
			sourceTree = "<group>";
		};
		AF4788AB1D9CC00700E9CF24 /* Check */ = {
			isa = PBXGroup;
			children = (
				AF4788AC1D9CC01200E9CF24 /* CheckViewController.h */,
				AF4788AD1D9CC01200E9CF24 /* CheckViewController.m */,
			);
			path = Check;
			sourceTree = "<group>";
		};
		AF70F1C61DAE07FC00932AF7 /* SSKeyChain */ = {
			isa = PBXGroup;
			children = (
				AF70F1C71DAE07FC00932AF7 /* SSKeychain.h */,
				AF70F1C81DAE07FC00932AF7 /* SSKeychain.m */,
			);
			path = SSKeyChain;
			sourceTree = "<group>";
		};
		AF70F1F11DAE244700932AF7 /* MWPhotoBrowser */ = {
			isa = PBXGroup;
			children = (
				AF70F1F21DAE244700932AF7 /* Assets */,
				AF70F2141DAE244700932AF7 /* Classes */,
				AF70F22A1DAE244700932AF7 /* LICENSE */,
				AF70F22B1DAE244700932AF7 /* README.md */,
			);
			path = MWPhotoBrowser;
			sourceTree = "<group>";
		};
		AF70F1F21DAE244700932AF7 /* Assets */ = {
			isa = PBXGroup;
			children = (
				AF70F1F31DAE244700932AF7 /* ImageError.png */,
				AF70F1F41DAE244700932AF7 /* ImageError@2x.png */,
				AF70F1F51DAE244700932AF7 /* ImageError@3x.png */,
				AF70F1F61DAE244700932AF7 /* ImageSelectedOff.png */,
				AF70F1F71DAE244700932AF7 /* ImageSelectedOff@2x.png */,
				AF70F1F81DAE244700932AF7 /* ImageSelectedOff@3x.png */,
				AF70F1F91DAE244700932AF7 /* ImageSelectedOn.png */,
				AF70F1FA1DAE244700932AF7 /* ImageSelectedOn@2x.png */,
				AF70F1FB1DAE244700932AF7 /* ImageSelectedOn@3x.png */,
				AF70F1FC1DAE244700932AF7 /* ImageSelectedSmallOff.png */,
				AF70F1FD1DAE244700932AF7 /* ImageSelectedSmallOff@2x.png */,
				AF70F1FE1DAE244700932AF7 /* ImageSelectedSmallOff@3x.png */,
				AF70F1FF1DAE244700932AF7 /* ImageSelectedSmallOn.png */,
				AF70F2001DAE244700932AF7 /* ImageSelectedSmallOn@2x.png */,
				AF70F2011DAE244700932AF7 /* ImageSelectedSmallOn@3x.png */,
				AF70F2021DAE244700932AF7 /* PlayButtonOverlayLarge.png */,
				AF70F2031DAE244700932AF7 /* PlayButtonOverlayLarge@2x.png */,
				AF70F2041DAE244700932AF7 /* PlayButtonOverlayLarge@3x.png */,
				AF70F2051DAE244700932AF7 /* PlayButtonOverlayLargeTap.png */,
				AF70F2061DAE244700932AF7 /* PlayButtonOverlayLargeTap@2x.png */,
				AF70F2071DAE244700932AF7 /* PlayButtonOverlayLargeTap@3x.png */,
				AF70F2081DAE244700932AF7 /* UIBarButtonItemArrowLeft.png */,
				AF70F2091DAE244700932AF7 /* UIBarButtonItemArrowLeft@2x.png */,
				AF70F20A1DAE244700932AF7 /* UIBarButtonItemArrowLeft@3x.png */,
				AF70F20B1DAE244700932AF7 /* UIBarButtonItemArrowRight.png */,
				AF70F20C1DAE244700932AF7 /* UIBarButtonItemArrowRight@2x.png */,
				AF70F20D1DAE244700932AF7 /* UIBarButtonItemArrowRight@3x.png */,
				AF70F20E1DAE244700932AF7 /* UIBarButtonItemGrid.png */,
				AF70F20F1DAE244700932AF7 /* UIBarButtonItemGrid@2x.png */,
				AF70F2101DAE244700932AF7 /* UIBarButtonItemGrid@3x.png */,
				AF70F2111DAE244700932AF7 /* VideoOverlay.png */,
				AF70F2121DAE244700932AF7 /* VideoOverlay@2x.png */,
				AF70F2131DAE244700932AF7 /* VideoOverlay@3x.png */,
			);
			path = Assets;
			sourceTree = "<group>";
		};
		AF70F2141DAE244700932AF7 /* Classes */ = {
			isa = PBXGroup;
			children = (
				AF70F2151DAE244700932AF7 /* MWCaptionView.h */,
				AF70F2161DAE244700932AF7 /* MWCaptionView.m */,
				AF70F2171DAE244700932AF7 /* MWCommon.h */,
				AF70F2181DAE244700932AF7 /* MWGridCell.h */,
				AF70F2191DAE244700932AF7 /* MWGridCell.m */,
				AF70F21A1DAE244700932AF7 /* MWGridViewController.h */,
				AF70F21B1DAE244700932AF7 /* MWGridViewController.m */,
				AF70F21C1DAE244700932AF7 /* MWPhoto.h */,
				AF70F21D1DAE244700932AF7 /* MWPhoto.m */,
				AF70F21E1DAE244700932AF7 /* MWPhotoBrowser.h */,
				AF70F21F1DAE244700932AF7 /* MWPhotoBrowser.m */,
				AF70F2201DAE244700932AF7 /* MWPhotoBrowserPrivate.h */,
				AF70F2211DAE244700932AF7 /* MWPhotoProtocol.h */,
				AF70F2221DAE244700932AF7 /* MWTapDetectingImageView.h */,
				AF70F2231DAE244700932AF7 /* MWTapDetectingImageView.m */,
				AF70F2241DAE244700932AF7 /* MWTapDetectingView.h */,
				AF70F2251DAE244700932AF7 /* MWTapDetectingView.m */,
				AF70F2261DAE244700932AF7 /* MWZoomingScrollView.h */,
				AF70F2271DAE244700932AF7 /* MWZoomingScrollView.m */,
				AF70F2281DAE244700932AF7 /* UIImage+MWPhotoBrowser.h */,
				AF70F2291DAE244700932AF7 /* UIImage+MWPhotoBrowser.m */,
			);
			path = Classes;
			sourceTree = "<group>";
		};
		AF77FCB31DAB2FA100ADA0F8 /* Music */ = {
			isa = PBXGroup;
			children = (
				AF77FCB41DAB2FB300ADA0F8 /* MusicViewController.h */,
				AF77FCB51DAB2FB300ADA0F8 /* MusicViewController.m */,
				AF77FCB71DAB3D3F00ADA0F8 /* MusicFileListViewController.h */,
				AF77FCB81DAB3D3F00ADA0F8 /* MusicFileListViewController.m */,
			);
			path = Music;
			sourceTree = "<group>";
		};
		AFB2E74E1D952E6400ECC1D0 = {
			isa = PBXGroup;
			children = (
				AFB2E7591D952E6400ECC1D0 /* QiniuCloudStorge */,
				AFB2E7581D952E6400ECC1D0 /* Products */,
				139058F78032822386000DDD /* Pods */,
				457F6F5B6FF946C2904DDE65 /* Frameworks */,
			);
			sourceTree = "<group>";
		};
		AFB2E7581D952E6400ECC1D0 /* Products */ = {
			isa = PBXGroup;
			children = (
				AFB2E7571D952E6400ECC1D0 /* QiniuCloudStorge.app */,
			);
			name = Products;
			sourceTree = "<group>";
		};
		AFB2E7591D952E6400ECC1D0 /* QiniuCloudStorge */ = {
			isa = PBXGroup;
			children = (
				AFB2E75D1D952E6400ECC1D0 /* AppDelegate.h */,
				AFB2E75E1D952E6400ECC1D0 /* AppDelegate.m */,
				AFB2E7711D95301000ECC1D0 /* Category */,
				AFB2E7761D95301000ECC1D0 /* Common */,
				AFB2E7791D95301000ECC1D0 /* Modules */,
				AFB2E79D1D95301000ECC1D0 /* Network */,
				AFB2E7A01D95301000ECC1D0 /* ThirdPart */,
				AFB2E7A41D95301000ECC1D0 /* Utility */,
				AFB2E7661D952E6400ECC1D0 /* Assets.xcassets */,
				AFB2E75A1D952E6400ECC1D0 /* Supporting Files */,
			);
			path = QiniuCloudStorge;
			sourceTree = "<group>";
		};
		AFB2E75A1D952E6400ECC1D0 /* Supporting Files */ = {
			isa = PBXGroup;
			children = (
				AFB2E76B1D952E6400ECC1D0 /* Info.plist */,
				AFB2E7631D952E6400ECC1D0 /* Main.storyboard */,
				AFB2E7681D952E6400ECC1D0 /* LaunchScreen.storyboard */,
				AFB2E75B1D952E6400ECC1D0 /* main.m */,
			);
			name = "Supporting Files";
			sourceTree = "<group>";
		};
		AFB2E7711D95301000ECC1D0 /* Category */ = {
			isa = PBXGroup;
			children = (
				AFB2E7721D95301000ECC1D0 /* UIColor+FD.h */,
				AFB2E7731D95301000ECC1D0 /* UIColor+FD.m */,
				AFB2E7741D95301000ECC1D0 /* UIView+FD.h */,
				AFB2E7751D95301000ECC1D0 /* UIView+FD.m */,
				AF4788AF1D9CF4D400E9CF24 /* UIViewController+FD.h */,
				AF4788B01D9CF4D400E9CF24 /* UIViewController+FD.m */,
				AF5A6C561DACD8D700C60505 /* UITabBarController+Autorotate.h */,
				AF5A6C571DACD8D700C60505 /* UITabBarController+Autorotate.m */,
				AF5A6C591DACD8EB00C60505 /* UINavigationController+Autorotate.h */,
				AF5A6C5A1DACD8EB00C60505 /* UINavigationController+Autorotate.m */,
			);
			path = Category;
			sourceTree = "<group>";
		};
		AFB2E7761D95301000ECC1D0 /* Common */ = {
			isa = PBXGroup;
			children = (
			);
			path = Common;
			sourceTree = "<group>";
		};
		AFB2E7791D95301000ECC1D0 /* Modules */ = {
			isa = PBXGroup;
			children = (
				AF77FCB31DAB2FA100ADA0F8 /* Music */,
				AF4788AB1D9CC00700E9CF24 /* Check */,
				AFB2E77A1D95301000ECC1D0 /* Config */,
				AFB2E77D1D95301000ECC1D0 /* Container */,
				AFB2E7801D95301000ECC1D0 /* Image */,
				AFB2E78B1D95301000ECC1D0 /* More */,
				AFB2E7901D95301000ECC1D0 /* Nav */,
				AFB2E7931D95301000ECC1D0 /* Tab */,
				AFB2E7961D95301000ECC1D0 /* Video */,
			);
			path = Modules;
			sourceTree = "<group>";
		};
		AFB2E77A1D95301000ECC1D0 /* Config */ = {
			isa = PBXGroup;
			children = (
				AFB2E77B1D95301000ECC1D0 /* ConfigViewController.h */,
				AFB2E77C1D95301000ECC1D0 /* ConfigViewController.m */,
			);
			path = Config;
			sourceTree = "<group>";
		};
		AFB2E77D1D95301000ECC1D0 /* Container */ = {
			isa = PBXGroup;
			children = (
				AFB2E77E1D95301000ECC1D0 /* ContainerViewController.h */,
				AFB2E77F1D95301000ECC1D0 /* ContainerViewController.m */,
			);
			path = Container;
			sourceTree = "<group>";
		};
		AFB2E7801D95301000ECC1D0 /* Image */ = {
			isa = PBXGroup;
			children = (
				AFB2E7811D95301000ECC1D0 /* ImageFileDetailCell.h */,
				AFB2E7821D95301000ECC1D0 /* ImageFileDetailCell.m */,
				AFB2E7831D95301000ECC1D0 /* ImageFileDetailModel.h */,
				AFB2E7841D95301000ECC1D0 /* ImageFileDetailModel.m */,
				AFB2E7871D95301000ECC1D0 /* ImageFileListViewController.h */,
				AFB2E7881D95301000ECC1D0 /* ImageFileListViewController.m */,
				AFB2E7891D95301000ECC1D0 /* ImageViewController.h */,
				AFB2E78A1D95301000ECC1D0 /* ImageViewController.m */,
			);
			path = Image;
			sourceTree = "<group>";
		};
		AFB2E78B1D95301000ECC1D0 /* More */ = {
			isa = PBXGroup;
			children = (
				AFB2E78C1D95301000ECC1D0 /* AboutViewController.h */,
				AFB2E78D1D95301000ECC1D0 /* AboutViewController.m */,
				AFB2E78E1D95301000ECC1D0 /* MoreViewController.h */,
				AFB2E78F1D95301000ECC1D0 /* MoreViewController.m */,
			);
			path = More;
			sourceTree = "<group>";
		};
		AFB2E7901D95301000ECC1D0 /* Nav */ = {
			isa = PBXGroup;
			children = (
				AFB2E7911D95301000ECC1D0 /* RootNavigationController.h */,
				AFB2E7921D95301000ECC1D0 /* RootNavigationController.m */,
			);
			path = Nav;
			sourceTree = "<group>";
		};
		AFB2E7931D95301000ECC1D0 /* Tab */ = {
			isa = PBXGroup;
			children = (
				AFB2E7941D95301000ECC1D0 /* RootTabBarController.h */,
				AFB2E7951D95301000ECC1D0 /* RootTabBarController.m */,
			);
			path = Tab;
			sourceTree = "<group>";
		};
		AFB2E7961D95301000ECC1D0 /* Video */ = {
			isa = PBXGroup;
			children = (
				AFB2E7991D95301000ECC1D0 /* VideoFileListViewController.h */,
				AFB2E79A1D95301000ECC1D0 /* VideoFileListViewController.m */,
				AFB2E79B1D95301000ECC1D0 /* VideoViewController.h */,
				AFB2E79C1D95301000ECC1D0 /* VideoViewController.m */,
			);
			path = Video;
			sourceTree = "<group>";
		};
		AFB2E79D1D95301000ECC1D0 /* Network */ = {
			isa = PBXGroup;
			children = (
				AFB2E79E1D95301000ECC1D0 /* BaseNetworking.h */,
				AFB2E79F1D95301000ECC1D0 /* BaseNetworking.m */,
			);
			path = Network;
			sourceTree = "<group>";
		};
		AFB2E7A01D95301000ECC1D0 /* ThirdPart */ = {
			isa = PBXGroup;
			children = (
				AF70F1F11DAE244700932AF7 /* MWPhotoBrowser */,
				AF70F1C61DAE07FC00932AF7 /* SSKeyChain */,
				AF70F1BE1DADFA3700932AF7 /* Fabric.framework */,
				AF70F1BF1DADFA3700932AF7 /* Crashlytics.framework */,
				AF1E5F911DA89143006481B6 /* AliyunAnalitics */,
				AFB2E7A11D95301000ECC1D0 /* MBProgressHUD */,
			);
			path = ThirdPart;
			sourceTree = "<group>";
		};
		AFB2E7A11D95301000ECC1D0 /* MBProgressHUD */ = {
			isa = PBXGroup;
			children = (
				AFB2E7A21D95301000ECC1D0 /* MBProgressHUD.h */,
				AFB2E7A31D95301000ECC1D0 /* MBProgressHUD.m */,
			);
			path = MBProgressHUD;
			sourceTree = "<group>";
		};
		AFB2E7A41D95301000ECC1D0 /* Utility */ = {
			isa = PBXGroup;
			children = (
				AFB2E7A51D95301000ECC1D0 /* Helper */,
				AFB2E7AB1D95301000ECC1D0 /* MapManager */,
				AFB2E7AE1D95301000ECC1D0 /* UploadManager */,
				AFB2E7B11D95301000ECC1D0 /* UserDefault */,
			);
			path = Utility;
			sourceTree = "<group>";
		};
		AFB2E7A51D95301000ECC1D0 /* Helper */ = {
			isa = PBXGroup;
			children = (
				AFB2E7A61D95301000ECC1D0 /* AppDefine.h */,
				AFB2E7A71D95301000ECC1D0 /* AppHeader.h */,
				AFB2E7A81D95301000ECC1D0 /* AppHelper.h */,
				AFB2E7A91D95301000ECC1D0 /* AppHelper.m */,
				AFB2E7AA1D95301000ECC1D0 /* AppPrefixHeader.pch */,
			);
			path = Helper;
			sourceTree = "<group>";
		};
		AFB2E7AB1D95301000ECC1D0 /* MapManager */ = {
			isa = PBXGroup;
			children = (
				AFB2E7AC1D95301000ECC1D0 /* MapManager.h */,
				AFB2E7AD1D95301000ECC1D0 /* MapManager.m */,
			);
			path = MapManager;
			sourceTree = "<group>";
		};
		AFB2E7AE1D95301000ECC1D0 /* UploadManager */ = {
			isa = PBXGroup;
			children = (
				AFB2E7AF1D95301000ECC1D0 /* QiniuUploadManager.h */,
				AFB2E7B01D95301000ECC1D0 /* QiniuUploadManager.m */,
			);
			path = UploadManager;
			sourceTree = "<group>";
		};
		AFB2E7B11D95301000ECC1D0 /* UserDefault */ = {
			isa = PBXGroup;
			children = (
				AFB2E7B21D95301000ECC1D0 /* UserDefault.h */,
				AFB2E7B31D95301000ECC1D0 /* UserDefault.m */,
			);
			path = UserDefault;
			sourceTree = "<group>";
		};
/* End PBXGroup section */

/* Begin PBXNativeTarget section */
		AFB2E7561D952E6400ECC1D0 /* QiniuCloudStorge */ = {
			isa = PBXNativeTarget;
			buildConfigurationList = AFB2E76E1D952E6400ECC1D0 /* Build configuration list for PBXNativeTarget "QiniuCloudStorge" */;
			buildPhases = (
				65E6BF16C52A018DE3CF9476 /* [CP] Check Pods Manifest.lock */,
				AFB2E7531D952E6400ECC1D0 /* Sources */,
				AFB2E7541D952E6400ECC1D0 /* Frameworks */,
				AFB2E7551D952E6400ECC1D0 /* Resources */,
				B49D786E25BC5CCA08C12E77 /* [CP] Embed Pods Frameworks */,
				5081785C88EEFE2D44B11403 /* [CP] Copy Pods Resources */,
				AF70F1BD1DADFA1F00932AF7 /* ShellScript */,
			);
			buildRules = (
			);
			dependencies = (
			);
			name = QiniuCloudStorge;
			productName = QiniuCloudStorge;
			productReference = AFB2E7571D952E6400ECC1D0 /* QiniuCloudStorge.app */;
			productType = "com.apple.product-type.application";
		};
/* End PBXNativeTarget section */

/* Begin PBXProject section */
		AFB2E74F1D952E6400ECC1D0 /* Project object */ = {
			isa = PBXProject;
			attributes = {
				LastUpgradeCheck = 0800;
				ORGANIZATIONNAME = "范东";
				TargetAttributes = {
					AFB2E7561D952E6400ECC1D0 = {
						CreatedOnToolsVersion = 8.0;
						DevelopmentTeam = JTU49PP896;
						ProvisioningStyle = Automatic;
					};
				};
			};
			buildConfigurationList = AFB2E7521D952E6400ECC1D0 /* Build configuration list for PBXProject "QiniuCloudStorge" */;
			compatibilityVersion = "Xcode 3.2";
			developmentRegion = English;
			hasScannedForEncodings = 0;
			knownRegions = (
				en,
				Base,
			);
			mainGroup = AFB2E74E1D952E6400ECC1D0;
			productRefGroup = AFB2E7581D952E6400ECC1D0 /* Products */;
			projectDirPath = "";
			projectRoot = "";
			targets = (
				AFB2E7561D952E6400ECC1D0 /* QiniuCloudStorge */,
			);
		};
/* End PBXProject section */

/* Begin PBXResourcesBuildPhase section */
		AFB2E7551D952E6400ECC1D0 /* Resources */ = {
			isa = PBXResourcesBuildPhase;
			buildActionMask = 2147483647;
			files = (
				AF70F2351DAE244700932AF7 /* ImageSelectedSmallOff.png in Resources */,
				AF70F2471DAE244700932AF7 /* UIBarButtonItemGrid.png in Resources */,
				AF70F23C1DAE244700932AF7 /* PlayButtonOverlayLarge@2x.png in Resources */,
				AF70F2421DAE244700932AF7 /* UIBarButtonItemArrowLeft@2x.png in Resources */,
				AF70F2491DAE244700932AF7 /* UIBarButtonItemGrid@3x.png in Resources */,
				AF70F22E1DAE244700932AF7 /* ImageError@3x.png in Resources */,
				AF70F2341DAE244700932AF7 /* ImageSelectedOn@3x.png in Resources */,
				AFB2E76A1D952E6400ECC1D0 /* LaunchScreen.storyboard in Resources */,
				AF70F2561DAE244700932AF7 /* LICENSE in Resources */,
				AF70F2371DAE244700932AF7 /* ImageSelectedSmallOff@3x.png in Resources */,
				AF70F2451DAE244700932AF7 /* UIBarButtonItemArrowRight@2x.png in Resources */,
				AF70F24A1DAE244700932AF7 /* VideoOverlay.png in Resources */,
				AF70F23E1DAE244700932AF7 /* PlayButtonOverlayLargeTap.png in Resources */,
				AF70F2431DAE244700932AF7 /* UIBarButtonItemArrowLeft@3x.png in Resources */,
				AF70F24B1DAE244700932AF7 /* VideoOverlay@2x.png in Resources */,
				AFB2E7671D952E6400ECC1D0 /* Assets.xcassets in Resources */,
				AF70F2301DAE244700932AF7 /* ImageSelectedOff@2x.png in Resources */,
				AF70F22C1DAE244700932AF7 /* ImageError.png in Resources */,
				AF70F23F1DAE244700932AF7 /* PlayButtonOverlayLargeTap@2x.png in Resources */,
				AF70F2361DAE244700932AF7 /* ImageSelectedSmallOff@2x.png in Resources */,
				AF70F2401DAE244700932AF7 /* PlayButtonOverlayLargeTap@3x.png in Resources */,
				AF70F23A1DAE244700932AF7 /* ImageSelectedSmallOn@3x.png in Resources */,
				AF70F2331DAE244700932AF7 /* ImageSelectedOn@2x.png in Resources */,
				AF70F2321DAE244700932AF7 /* ImageSelectedOn.png in Resources */,
				AF70F23B1DAE244700932AF7 /* PlayButtonOverlayLarge.png in Resources */,
				AF70F2441DAE244700932AF7 /* UIBarButtonItemArrowRight.png in Resources */,
				AF70F2311DAE244700932AF7 /* ImageSelectedOff@3x.png in Resources */,
				AF70F24C1DAE244700932AF7 /* VideoOverlay@3x.png in Resources */,
				AF70F2461DAE244700932AF7 /* UIBarButtonItemArrowRight@3x.png in Resources */,
				AF70F2411DAE244700932AF7 /* UIBarButtonItemArrowLeft.png in Resources */,
				AF70F22D1DAE244700932AF7 /* ImageError@2x.png in Resources */,
				AF70F2381DAE244700932AF7 /* ImageSelectedSmallOn.png in Resources */,
				AF70F2481DAE244700932AF7 /* UIBarButtonItemGrid@2x.png in Resources */,
				AFB2E7651D952E6400ECC1D0 /* Main.storyboard in Resources */,
				AF70F22F1DAE244700932AF7 /* ImageSelectedOff.png in Resources */,
				AF70F2391DAE244700932AF7 /* ImageSelectedSmallOn@2x.png in Resources */,
				AF70F23D1DAE244700932AF7 /* PlayButtonOverlayLarge@3x.png in Resources */,
			);
			runOnlyForDeploymentPostprocessing = 0;
		};
/* End PBXResourcesBuildPhase section */

/* Begin PBXShellScriptBuildPhase section */
		5081785C88EEFE2D44B11403 /* [CP] Copy Pods Resources */ = {
			isa = PBXShellScriptBuildPhase;
			buildActionMask = 2147483647;
			files = (
			);
			inputPaths = (
			);
			name = "[CP] Copy Pods Resources";
			outputPaths = (
			);
			runOnlyForDeploymentPostprocessing = 0;
			shellPath = /bin/sh;
			shellScript = "\"${SRCROOT}/Pods/Target Support Files/Pods-QiniuCloudStorge/Pods-QiniuCloudStorge-resources.sh\"\n";
			showEnvVarsInLog = 0;
		};
		65E6BF16C52A018DE3CF9476 /* [CP] Check Pods Manifest.lock */ = {
			isa = PBXShellScriptBuildPhase;
			buildActionMask = 2147483647;
			files = (
			);
			inputPaths = (
			);
			name = "[CP] Check Pods Manifest.lock";
			outputPaths = (
			);
			runOnlyForDeploymentPostprocessing = 0;
			shellPath = /bin/sh;
			shellScript = "diff \"${PODS_ROOT}/../Podfile.lock\" \"${PODS_ROOT}/Manifest.lock\" > /dev/null\nif [ $? != 0 ] ; then\n    # print error to STDERR\n    echo \"error: The sandbox is not in sync with the Podfile.lock. Run 'pod install' or update your CocoaPods installation.\" >&2\n    exit 1\nfi\n";
			showEnvVarsInLog = 0;
		};
		AF70F1BD1DADFA1F00932AF7 /* ShellScript */ = {
			isa = PBXShellScriptBuildPhase;
			buildActionMask = 2147483647;
			files = (
			);
			inputPaths = (
			);
			outputPaths = (
			);
			runOnlyForDeploymentPostprocessing = 0;
			shellPath = /bin/sh;
			shellScript = "./QiniuCloudStorge/ThirdPart/Fabric.framework/run 3395bcbe61c3e806040c407466db66810d8d05c1 d8946820b85f610d6e306a2727f2401c170cc8cd596523005ab05a9e7f59b4f2";
		};
		B49D786E25BC5CCA08C12E77 /* [CP] Embed Pods Frameworks */ = {
			isa = PBXShellScriptBuildPhase;
			buildActionMask = 2147483647;
			files = (
			);
			inputPaths = (
			);
			name = "[CP] Embed Pods Frameworks";
			outputPaths = (
			);
			runOnlyForDeploymentPostprocessing = 0;
			shellPath = /bin/sh;
			shellScript = "\"${SRCROOT}/Pods/Target Support Files/Pods-QiniuCloudStorge/Pods-QiniuCloudStorge-frameworks.sh\"\n";
			showEnvVarsInLog = 0;
		};
/* End PBXShellScriptBuildPhase section */

/* Begin PBXSourcesBuildPhase section */
		AFB2E7531D952E6400ECC1D0 /* Sources */ = {
			isa = PBXSourcesBuildPhase;
			buildActionMask = 2147483647;
			files = (
				AFB2E7CA1D95301000ECC1D0 /* UserDefault.m in Sources */,
				AFB2E7C11D95301000ECC1D0 /* RootTabBarController.m in Sources */,
				AFB2E7C51D95301000ECC1D0 /* BaseNetworking.m in Sources */,
				AFB2E7B51D95301000ECC1D0 /* UIView+FD.m in Sources */,
				AF70F2531DAE244700932AF7 /* MWTapDetectingView.m in Sources */,
				AF70F24F1DAE244700932AF7 /* MWGridViewController.m in Sources */,
				AFB2E7B91D95301000ECC1D0 /* ImageFileDetailCell.m in Sources */,
				AF70F1C91DAE07FC00932AF7 /* SSKeychain.m in Sources */,
				AF77FCB61DAB2FB300ADA0F8 /* MusicViewController.m in Sources */,
				AF70F2511DAE244700932AF7 /* MWPhotoBrowser.m in Sources */,
				AFB2E7BF1D95301000ECC1D0 /* MoreViewController.m in Sources */,
				AF70F2501DAE244700932AF7 /* MWPhoto.m in Sources */,
				AFB2E7BD1D95301000ECC1D0 /* ImageViewController.m in Sources */,
				AF77FCB91DAB3D3F00ADA0F8 /* MusicFileListViewController.m in Sources */,
				AFB2E7BA1D95301000ECC1D0 /* ImageFileDetailModel.m in Sources */,
				AFB2E7C41D95301000ECC1D0 /* VideoViewController.m in Sources */,
				AF4788AE1D9CC01200E9CF24 /* CheckViewController.m in Sources */,
				AFB2E7BC1D95301000ECC1D0 /* ImageFileListViewController.m in Sources */,
				AFB2E7C91D95301000ECC1D0 /* QiniuUploadManager.m in Sources */,
				AF70F2541DAE244700932AF7 /* MWZoomingScrollView.m in Sources */,
				AFB2E7B41D95301000ECC1D0 /* UIColor+FD.m in Sources */,
				AFB2E75F1D952E6400ECC1D0 /* AppDelegate.m in Sources */,
				AFB2E7C61D95301000ECC1D0 /* MBProgressHUD.m in Sources */,
				AF70F2551DAE244700932AF7 /* UIImage+MWPhotoBrowser.m in Sources */,
				AF5A6C581DACD8D700C60505 /* UITabBarController+Autorotate.m in Sources */,
				AF70F24E1DAE244700932AF7 /* MWGridCell.m in Sources */,
				AFB2E7C81D95301000ECC1D0 /* MapManager.m in Sources */,
				AFB2E7BE1D95301000ECC1D0 /* AboutViewController.m in Sources */,
				AF70F24D1DAE244700932AF7 /* MWCaptionView.m in Sources */,
				AFB2E7B71D95301000ECC1D0 /* ConfigViewController.m in Sources */,
				AFB2E7C01D95301000ECC1D0 /* RootNavigationController.m in Sources */,
				AFB2E7B81D95301000ECC1D0 /* ContainerViewController.m in Sources */,
				AFB2E7C71D95301000ECC1D0 /* AppHelper.m in Sources */,
				AF4788B11D9CF4D400E9CF24 /* UIViewController+FD.m in Sources */,
				AF5A6C5B1DACD8EB00C60505 /* UINavigationController+Autorotate.m in Sources */,
				AFB2E7C31D95301000ECC1D0 /* VideoFileListViewController.m in Sources */,
				AFB2E75C1D952E6400ECC1D0 /* main.m in Sources */,
				AF70F2571DAE244700932AF7 /* README.md in Sources */,
				AF70F2521DAE244700932AF7 /* MWTapDetectingImageView.m in Sources */,
			);
			runOnlyForDeploymentPostprocessing = 0;
		};
/* End PBXSourcesBuildPhase section */

/* Begin PBXVariantGroup section */
		AFB2E7631D952E6400ECC1D0 /* Main.storyboard */ = {
			isa = PBXVariantGroup;
			children = (
				AFB2E7641D952E6400ECC1D0 /* Base */,
			);
			name = Main.storyboard;
			sourceTree = "<group>";
		};
		AFB2E7681D952E6400ECC1D0 /* LaunchScreen.storyboard */ = {
			isa = PBXVariantGroup;
			children = (
				AFB2E7691D952E6400ECC1D0 /* Base */,
			);
			name = LaunchScreen.storyboard;
			sourceTree = "<group>";
		};
/* End PBXVariantGroup section */

/* Begin XCBuildConfiguration section */
		AFB2E76C1D952E6400ECC1D0 /* Debug */ = {
			isa = XCBuildConfiguration;
			buildSettings = {
				ALWAYS_SEARCH_USER_PATHS = NO;
				CLANG_ANALYZER_NONNULL = YES;
				CLANG_CXX_LANGUAGE_STANDARD = "gnu++0x";
				CLANG_CXX_LIBRARY = "libc++";
				CLANG_ENABLE_MODULES = YES;
				CLANG_ENABLE_OBJC_ARC = YES;
				CLANG_WARN_BOOL_CONVERSION = YES;
				CLANG_WARN_CONSTANT_CONVERSION = YES;
				CLANG_WARN_DIRECT_OBJC_ISA_USAGE = YES_ERROR;
				CLANG_WARN_DOCUMENTATION_COMMENTS = YES;
				CLANG_WARN_EMPTY_BODY = YES;
				CLANG_WARN_ENUM_CONVERSION = YES;
				CLANG_WARN_INFINITE_RECURSION = YES;
				CLANG_WARN_INT_CONVERSION = YES;
				CLANG_WARN_OBJC_ROOT_CLASS = YES_ERROR;
				CLANG_WARN_SUSPICIOUS_MOVES = YES;
				CLANG_WARN_UNREACHABLE_CODE = YES;
				CLANG_WARN__DUPLICATE_METHOD_MATCH = YES;
				"CODE_SIGN_IDENTITY[sdk=iphoneos*]" = "iPhone Developer";
				COPY_PHASE_STRIP = NO;
				DEBUG_INFORMATION_FORMAT = dwarf;
				ENABLE_STRICT_OBJC_MSGSEND = YES;
				ENABLE_TESTABILITY = YES;
				GCC_C_LANGUAGE_STANDARD = gnu99;
				GCC_DYNAMIC_NO_PIC = NO;
				GCC_NO_COMMON_BLOCKS = YES;
				GCC_OPTIMIZATION_LEVEL = 0;
				GCC_PREPROCESSOR_DEFINITIONS = (
					"DEBUG=1",
					"$(inherited)",
				);
				GCC_WARN_64_TO_32_BIT_CONVERSION = YES;
				GCC_WARN_ABOUT_RETURN_TYPE = YES_ERROR;
				GCC_WARN_UNDECLARED_SELECTOR = YES;
				GCC_WARN_UNINITIALIZED_AUTOS = YES_AGGRESSIVE;
				GCC_WARN_UNUSED_FUNCTION = YES;
				GCC_WARN_UNUSED_VARIABLE = YES;
				IPHONEOS_DEPLOYMENT_TARGET = 10.0;
				MTL_ENABLE_DEBUG_INFO = YES;
				ONLY_ACTIVE_ARCH = YES;
				SDKROOT = iphoneos;
				TARGETED_DEVICE_FAMILY = "1,2";
			};
			name = Debug;
		};
		AFB2E76D1D952E6400ECC1D0 /* Release */ = {
			isa = XCBuildConfiguration;
			buildSettings = {
				ALWAYS_SEARCH_USER_PATHS = NO;
				CLANG_ANALYZER_NONNULL = YES;
				CLANG_CXX_LANGUAGE_STANDARD = "gnu++0x";
				CLANG_CXX_LIBRARY = "libc++";
				CLANG_ENABLE_MODULES = YES;
				CLANG_ENABLE_OBJC_ARC = YES;
				CLANG_WARN_BOOL_CONVERSION = YES;
				CLANG_WARN_CONSTANT_CONVERSION = YES;
				CLANG_WARN_DIRECT_OBJC_ISA_USAGE = YES_ERROR;
				CLANG_WARN_DOCUMENTATION_COMMENTS = YES;
				CLANG_WARN_EMPTY_BODY = YES;
				CLANG_WARN_ENUM_CONVERSION = YES;
				CLANG_WARN_INFINITE_RECURSION = YES;
				CLANG_WARN_INT_CONVERSION = YES;
				CLANG_WARN_OBJC_ROOT_CLASS = YES_ERROR;
				CLANG_WARN_SUSPICIOUS_MOVES = YES;
				CLANG_WARN_UNREACHABLE_CODE = YES;
				CLANG_WARN__DUPLICATE_METHOD_MATCH = YES;
				"CODE_SIGN_IDENTITY[sdk=iphoneos*]" = "iPhone Developer";
				COPY_PHASE_STRIP = NO;
				DEBUG_INFORMATION_FORMAT = "dwarf-with-dsym";
				ENABLE_NS_ASSERTIONS = NO;
				ENABLE_STRICT_OBJC_MSGSEND = YES;
				GCC_C_LANGUAGE_STANDARD = gnu99;
				GCC_NO_COMMON_BLOCKS = YES;
				GCC_WARN_64_TO_32_BIT_CONVERSION = YES;
				GCC_WARN_ABOUT_RETURN_TYPE = YES_ERROR;
				GCC_WARN_UNDECLARED_SELECTOR = YES;
				GCC_WARN_UNINITIALIZED_AUTOS = YES_AGGRESSIVE;
				GCC_WARN_UNUSED_FUNCTION = YES;
				GCC_WARN_UNUSED_VARIABLE = YES;
				IPHONEOS_DEPLOYMENT_TARGET = 10.0;
				MTL_ENABLE_DEBUG_INFO = NO;
				SDKROOT = iphoneos;
				TARGETED_DEVICE_FAMILY = "1,2";
				VALIDATE_PRODUCT = YES;
			};
			name = Release;
		};
		AFB2E76F1D952E6400ECC1D0 /* Debug */ = {
			isa = XCBuildConfiguration;
			baseConfigurationReference = 9E0AB2BB18E49B5D06986DAC /* Pods-QiniuCloudStorge.debug.xcconfig */;
			buildSettings = {
				ASSETCATALOG_COMPILER_APPICON_NAME = AppIcon;
				DEVELOPMENT_TEAM = JTU49PP896;
				FRAMEWORK_SEARCH_PATHS = (
					"$(inherited)",
					"$(PROJECT_DIR)/QiniuCloudStorge/ThirdPart/AliyunAnalitics",
					"$(PROJECT_DIR)/QiniuCloudStorge/ThirdPart",
				);
				GCC_PREFIX_HEADER = "$(SRCROOT)/QiniuCloudStorge/Utility/Helper/AppPrefixHeader.pch";
				INFOPLIST_FILE = QiniuCloudStorge/Info.plist;
				IPHONEOS_DEPLOYMENT_TARGET = 8.0;
				LD_RUNPATH_SEARCH_PATHS = "$(inherited) @executable_path/Frameworks";
				OTHER_CFLAGS = (
					"$(inherited)",
					"-isystem",
					"\"${PODS_ROOT}/Headers/Public\"",
					"-isystem",
					"\"${PODS_ROOT}/Headers/Public/AFNetworking\"",
					"-isystem",
					"\"${PODS_ROOT}/Headers/Public/AMapFoundation\"",
					"-isystem",
					"\"${PODS_ROOT}/Headers/Public/AMapLocation\"",
					"-isystem",
					"\"${PODS_ROOT}/Headers/Public/HappyDNS\"",
					"-isystem",
					"\"${PODS_ROOT}/Headers/Public/KRVideoPlayer\"",
					"-isystem",
					"\"${PODS_ROOT}/Headers/Public/Qiniu\"",
					"-isystem",
					"\"${PODS_ROOT}/Headers/Public/SDWebImage\"",
					"-DDEBUG",
				);
				PRODUCT_BUNDLE_IDENTIFIER = me.fandong.QiniuCloudStorge;
				PRODUCT_NAME = "$(TARGET_NAME)";
			};
			name = Debug;
		};
		AFB2E7701D952E6400ECC1D0 /* Release */ = {
			isa = XCBuildConfiguration;
			baseConfigurationReference = E73471291617E390AE842469 /* Pods-QiniuCloudStorge.release.xcconfig */;
			buildSettings = {
				ASSETCATALOG_COMPILER_APPICON_NAME = AppIcon;
				DEVELOPMENT_TEAM = JTU49PP896;
				FRAMEWORK_SEARCH_PATHS = (
					"$(inherited)",
					"$(PROJECT_DIR)/QiniuCloudStorge/ThirdPart/AliyunAnalitics",
					"$(PROJECT_DIR)/QiniuCloudStorge/ThirdPart",
				);
				GCC_PREFIX_HEADER = "$(SRCROOT)/QiniuCloudStorge/Utility/Helper/AppPrefixHeader.pch";
				INFOPLIST_FILE = QiniuCloudStorge/Info.plist;
				IPHONEOS_DEPLOYMENT_TARGET = 8.0;
				LD_RUNPATH_SEARCH_PATHS = "$(inherited) @executable_path/Frameworks";
				OTHER_CFLAGS = (
					"$(inherited)",
					"-isystem",
					"\"${PODS_ROOT}/Headers/Public\"",
					"-isystem",
					"\"${PODS_ROOT}/Headers/Public/AFNetworking\"",
					"-isystem",
					"\"${PODS_ROOT}/Headers/Public/AMapFoundation\"",
					"-isystem",
					"\"${PODS_ROOT}/Headers/Public/AMapLocation\"",
					"-isystem",
					"\"${PODS_ROOT}/Headers/Public/HappyDNS\"",
					"-isystem",
					"\"${PODS_ROOT}/Headers/Public/KRVideoPlayer\"",
					"-isystem",
					"\"${PODS_ROOT}/Headers/Public/Qiniu\"",
					"-isystem",
					"\"${PODS_ROOT}/Headers/Public/SDWebImage\"",
				);
				PRODUCT_BUNDLE_IDENTIFIER = me.fandong.QiniuCloudStorge;
				PRODUCT_NAME = "$(TARGET_NAME)";
			};
			name = Release;
		};
/* End XCBuildConfiguration section */

/* Begin XCConfigurationList section */
		AFB2E7521D952E6400ECC1D0 /* Build configuration list for PBXProject "QiniuCloudStorge" */ = {
			isa = XCConfigurationList;
			buildConfigurations = (
				AFB2E76C1D952E6400ECC1D0 /* Debug */,
				AFB2E76D1D952E6400ECC1D0 /* Release */,
			);
			defaultConfigurationIsVisible = 0;
			defaultConfigurationName = Release;
		};
		AFB2E76E1D952E6400ECC1D0 /* Build configuration list for PBXNativeTarget "QiniuCloudStorge" */ = {
			isa = XCConfigurationList;
			buildConfigurations = (
				AFB2E76F1D952E6400ECC1D0 /* Debug */,
				AFB2E7701D952E6400ECC1D0 /* Release */,
			);
			defaultConfigurationIsVisible = 0;
			defaultConfigurationName = Release;
		};
/* End XCConfigurationList section */
	};
	rootObject = AFB2E74F1D952E6400ECC1D0 /* Project object */;
}
